// !$*UTF8*$!
{
	archiveVersion = 1;
	classes = {
	};
	objectVersion = 63;
	objects = {

/* Begin PBXBuildFile section */
		485C3C4748579973CB4052E9 /* SettingsView.swift in Sources */ = {isa = PBXBuildFile; fileRef = 1C595DA8CF808D7DF629013C /* SettingsView.swift */; };
		87306439A836ED5F5C89997F /* GameManager.swift in Sources */ = {isa = PBXBuildFile; fileRef = 19B693F34420C35725579BD6 /* GameManager.swift */; };
		9B3C55D1E368F89FA8883CF9 /* ContentView.swift in Sources */ = {isa = PBXBuildFile; fileRef = C798A7313FBAA0E3AABBB450 /* ContentView.swift */; };
		A09643B39C992DD15D967E14 /* FlexPortApp.swift in Sources */ = {isa = PBXBuildFile; fileRef = CA02AF24552B423B826FD393 /* FlexPortApp.swift */; };
		B0470C3FEA8FE00591B3C54D /* GameView.swift in Sources */ = {isa = PBXBuildFile; fileRef = C3639A0B7266D742008D69C5 /* GameView.swift */; };
		B4424BBD756459B788B3D84B /* Combine.framework in Frameworks */ = {isa = PBXBuildFile; fileRef = 0D6576466E585535D415F4A4 /* Combine.framework */; };
		C1B53F61F4B6EE66797DDAEC /* SwiftUI.framework in Frameworks */ = {isa = PBXBuildFile; fileRef = 7DBE851B42D60093966FC3B6 /* SwiftUI.framework */; };
		DFD121EB7F6D1AB0CBE64470 /* MainMenuView.swift in Sources */ = {isa = PBXBuildFile; fileRef = 0BEFA63E8ADDA0C665FE385A /* MainMenuView.swift */; };		8V0UVWJCHGG4IFE1ABF3HHRI /* Assets.xcassets in Resources */ = {isa = PBXBuildFile; fileRef = LV4BSUR1ZONKBZHD7SZNXOXM /* Assets.xcassets */; };

/* End PBXBuildFile section */

/* Begin PBXFileReference section */
		0BEFA63E8ADDA0C665FE385A /* MainMenuView.swift */ = {isa = PBXFileReference; lastKnownFileType = sourcecode.swift; path = MainMenuView.swift; sourceTree = "<group>"; };
		0D6576466E585535D415F4A4 /* Combine.framework */ = {isa = PBXFileReference; lastKnownFileType = wrapper.framework; name = Combine.framework; path = System/Library/Frameworks/Combine.framework; sourceTree = SDKROOT; };
		19B693F34420C35725579BD6 /* GameManager.swift */ = {isa = PBXFileReference; lastKnownFileType = sourcecode.swift; path = GameManager.swift; sourceTree = "<group>"; };
		1C595DA8CF808D7DF629013C /* SettingsView.swift */ = {isa = PBXFileReference; lastKnownFileType = sourcecode.swift; path = SettingsView.swift; sourceTree = "<group>"; };
		7DBE851B42D60093966FC3B6 /* SwiftUI.framework */ = {isa = PBXFileReference; lastKnownFileType = wrapper.framework; name = SwiftUI.framework; path = System/Library/Frameworks/SwiftUI.framework; sourceTree = SDKROOT; };
		C3639A0B7266D742008D69C5 /* GameView.swift */ = {isa = PBXFileReference; lastKnownFileType = sourcecode.swift; path = GameView.swift; sourceTree = "<group>"; };
		C798A7313FBAA0E3AABBB450 /* ContentView.swift */ = {isa = PBXFileReference; lastKnownFileType = sourcecode.swift; path = ContentView.swift; sourceTree = "<group>"; };
		CA02AF24552B423B826FD393 /* FlexPortApp.swift */ = {isa = PBXFileReference; lastKnownFileType = sourcecode.swift; path = FlexPortApp.swift; sourceTree = "<group>"; };
		CDBBA67866BCC52198321252 /* FlexPort.app */ = {isa = PBXFileReference; explicitFileType = wrapper.application; includeInIndex = 0; path = FlexPort.app; sourceTree = BUILT_PRODUCTS_DIR; };		LV4BSUR1ZONKBZHD7SZNXOXM /* Assets.xcassets */ = {isa = PBXFileReference; lastKnownFileType = folder.assetcatalog; path = Resources/Assets.xcassets; sourceTree = "<group>"; };

/* End PBXFileReference section */

/* Begin PBXFrameworksBuildPhase section */
		08CDFB8CAE36EEEC75EEA8AB /* Frameworks */ = {
			isa = PBXFrameworksBuildPhase;
			buildActionMask = 2147483647;
			files = (
				C1B53F61F4B6EE66797DDAEC /* SwiftUI.framework in Frameworks */,
				B4424BBD756459B788B3D84B /* Combine.framework in Frameworks */,
			);
			runOnlyForDeploymentPostprocessing = 0;
		};
/* End PBXFrameworksBuildPhase section */

/* Begin PBXGroup section */
		3CAF74C4786DAD5955E12AFA /* UI */ = {
			isa = PBXGroup;
			children = (
				C798A7313FBAA0E3AABBB450 /* ContentView.swift */,
				C3639A0B7266D742008D69C5 /* GameView.swift */,
				0BEFA63E8ADDA0C665FE385A /* MainMenuView.swift */,
				1C595DA8CF808D7DF629013C /* SettingsView.swift */,
			);
			name = UI;
			path = Sources/FlexPort/UI;
			sourceTree = "<group>";
		};
		3D774BFE7050AC55D328EA93 /* Core */ = {
			isa = PBXGroup;
			children = (
				19B693F34420C35725579BD6 /* GameManager.swift */,
			);
			name = Core;
			path = Sources/FlexPort/Core;
			sourceTree = "<group>";
		};
		65D735090A1D583FA4591976 /* Frameworks */ = {
			isa = PBXGroup;
			children = (
				0D6576466E585535D415F4A4 /* Combine.framework */,
				7DBE851B42D60093966FC3B6 /* SwiftUI.framework */,
			);
			name = Frameworks;
			sourceTree = "<group>";
		};
		AA68CD41EEA8B10D195A662F = {
			isa = PBXGroup;
			children = (
				3D774BFE7050AC55D328EA93 /* Core */,
				F180DC5AB772B99F43D676EF /* FlexPort */,
				3CAF74C4786DAD5955E12AFA /* UI */,
				65D735090A1D583FA4591976 /* Frameworks */,
				E89C3CC42CC3A468FF65C0A9 /* Products */,
			);
			sourceTree = "<group>";
		};
		E89C3CC42CC3A468FF65C0A9 /* Products */ = {
			isa = PBXGroup;
			children = (
				CDBBA67866BCC52198321252 /* FlexPort.app */,
			);
			name = Products;
			sourceTree = "<group>";
		};
		F180DC5AB772B99F43D676EF /* FlexPort */ = {
			isa = PBXGroup;
			children = (
				LV4BSUR1ZONKBZHD7SZNXOXM /* Assets.xcassets */,
				CA02AF24552B423B826FD393 /* FlexPortApp.swift */,
			);
			name = FlexPort;
			path = Sources/FlexPort;
			sourceTree = "<group>";
		};
/* End PBXGroup section */

/* Begin PBXNativeTarget section */
		C0AF32CC7AB7375EB3BCAE9B /* FlexPort */ = {
			isa = PBXNativeTarget;
			buildConfigurationList = C7F2AB74E24CFDD140468A1F /* Build configuration list for PBXNativeTarget "FlexPort" */;
			buildPhases = (
				4C8A98F07B53F0353F9BF230 /* Sources */,
				08CDFB8CAE36EEEC75EEA8AB /* Frameworks */,
				4E7KMJPCVGPTGMMPS4C4H9A1 /* Resources */,
			);
			buildRules = (
			);
			dependencies = (
			);
			name = FlexPort;
			packageProductDependencies = (
			);
			productName = FlexPort;
			productReference = CDBBA67866BCC52198321252 /* FlexPort.app */;
			productType = "com.apple.product-type.application";
		};
/* End PBXNativeTarget section */

/* Begin PBXProject section */
		BADE1B3988F87F39CC26C873 /* Project object */ = {
			isa = PBXProject;
			attributes = {
				BuildIndependentTargetsInParallel = YES;
				LastUpgradeCheck = 1500;
				TargetAttributes = {
					C0AF32CC7AB7375EB3BCAE9B = {
						ProvisioningStyle = Automatic;
					};
				};
			};
			buildConfigurationList = 0C730AFF41B29C7EDB5D4F7F /* Build configuration list for PBXProject "FlexPort" */;
			compatibilityVersion = "Xcode 14.0";
			developmentRegion = en;
			hasScannedForEncodings = 0;
			knownRegions = (
				Base,
				en,
			);
			mainGroup = AA68CD41EEA8B10D195A662F;
			minimizedProjectReferenceProxies = 1;
			projectDirPath = "";
			projectRoot = "";
			targets = (
				C0AF32CC7AB7375EB3BCAE9B /* FlexPort */,
			);
		};
/* End PBXProject section */
/* Begin PBXResourcesBuildPhase section */
		4E7KMJPCVGPTGMMPS4C4H9A1 /* Resources */ = {
			isa = PBXResourcesBuildPhase;
			buildActionMask = 2147483647;
			files = (
				8V0UVWJCHGG4IFE1ABF3HHRI /* Assets.xcassets in Resources */,
			);
			runOnlyForDeploymentPostprocessing = 0;
		};
/* End PBXResourcesBuildPhase section */



/* Begin PBXSourcesBuildPhase section */
		4C8A98F07B53F0353F9BF230 /* Sources */ = {
			isa = PBXSourcesBuildPhase;
			buildActionMask = 2147483647;
			files = (
				9B3C55D1E368F89FA8883CF9 /* ContentView.swift in Sources */,
				A09643B39C992DD15D967E14 /* FlexPortApp.swift in Sources */,
				87306439A836ED5F5C89997F /* GameManager.swift in Sources */,
				B0470C3FEA8FE00591B3C54D /* GameView.swift in Sources */,
				DFD121EB7F6D1AB0CBE64470 /* MainMenuView.swift in Sources */,
				485C3C4748579973CB4052E9 /* SettingsView.swift in Sources */,
			);
			runOnlyForDeploymentPostprocessing = 0;
		};
/* End PBXSourcesBuildPhase section */

/* Begin XCBuildConfiguration section */
		1E0792DA9761B1DF794ECD5F /* Debug */ = {
			isa = XCBuildConfiguration;
			buildSettings = {
				ASSETCATALOG_COMPILER_APPICON_NAME = AppIcon;
				ASSETCATALOG_COMPILER_GLOBAL_ACCENT_COLOR_NAME = AccentColor;
				CODE_SIGN_IDENTITY = "iPhone Developer";
				DEVELOPMENT_TEAM = 4HSANV485G;
				ENABLE_STRICT_OBJC_MSGSEND = YES;
				ENABLE_TESTABILITY = YES;
				GCC_DYNAMIC_NO_PIC = NO;
				GCC_OPTIMIZATION_LEVEL = 0;
				GCC_PREPROCESSOR_DEFINITIONS = (
					"DEBUG=1",
					"$(inherited)",
				);
				LD_RUNPATH_SEARCH_PATHS = (
					"$(inherited)",
					"@executable_path/Frameworks",
				);
				MTL_ENABLE_DEBUG_INFO = INCLUDE_SOURCE;
				MTL_FAST_MATH = YES;
				ONLY_ACTIVE_ARCH = YES;
				PRODUCT_BUNDLE_IDENTIFIER = com.flexport.game;
				SDKROOT = iphoneos;
				SWIFT_ACTIVE_COMPILATION_CONDITIONS = DEBUG;
				SWIFT_OPTIMIZATION_LEVEL = "-Onone";
				TARGETED_DEVICE_FAMILY = "1,2";
			};
			name = Debug;
		};
		3DE598287C8B3231B5A18D35 /* Debug */ = {
			isa = XCBuildConfiguration;
			buildSettings = {
				ALWAYS_SEARCH_USER_PATHS = NO;
				CLANG_ANALYZER_NONNULL = YES;
				CLANG_ANALYZER_NUMBER_OBJECT_CONVERSION = YES_AGGRESSIVE;
				CLANG_CXX_LANGUAGE_STANDARD = "gnu++14";
				CLANG_CXX_LIBRARY = "libc++";
				CLANG_ENABLE_MODULES = YES;
				CLANG_ENABLE_OBJC_ARC = YES;
				CLANG_ENABLE_OBJC_WEAK = YES;
				CLANG_WARN_BLOCK_CAPTURE_AUTORELEASING = YES;
				CLANG_WARN_BOOL_CONVERSION = YES;
				CLANG_WARN_COMMA = YES;
				CLANG_WARN_CONSTANT_CONVERSION = YES;
				CLANG_WARN_DEPRECATED_OBJC_IMPLEMENTATIONS = YES;
				CLANG_WARN_DIRECT_OBJC_ISA_USAGE = YES_ERROR;
				CLANG_WARN_DOCUMENTATION_COMMENTS = YES;
				CLANG_WARN_EMPTY_BODY = YES;
				CLANG_WARN_ENUM_CONVERSION = YES;
				CLANG_WARN_INFINITE_RECURSION = YES;
				CLANG_WARN_INT_CONVERSION = YES;
				CLANG_WARN_NON_LITERAL_NULL_CONVERSION = YES;
				CLANG_WARN_OBJC_IMPLICIT_RETAIN_SELF = YES;
				CLANG_WARN_OBJC_LITERAL_CONVERSION = YES;
				CLANG_WARN_OBJC_ROOT_CLASS = YES_ERROR;
				CLANG_WARN_QUOTED_INCLUDE_IN_FRAMEWORK_HEADER = YES;
				CLANG_WARN_RANGE_LOOP_ANALYSIS = YES;
				CLANG_WARN_STRICT_PROTOTYPES = YES;
				CLANG_WARN_SUSPICIOUS_MOVE = YES;
				CLANG_WARN_UNGUARDED_AVAILABILITY = YES_AGGRESSIVE;
				CLANG_WARN_UNREACHABLE_CODE = YES;
				CLANG_WARN__DUPLICATE_METHOD_MATCH = YES;
				CODE_SIGN_STYLE = Automatic;
				COPY_PHASE_STRIP = NO;
				CURRENT_PROJECT_VERSION = 1;
				DEBUG_INFORMATION_FORMAT = dwarf;
				ENABLE_PREVIEWS = YES;
				ENABLE_STRICT_OBJC_MSGSEND = YES;
				ENABLE_TESTABILITY = YES;
				GCC_C_LANGUAGE_STANDARD = gnu11;
				GCC_DYNAMIC_NO_PIC = NO;
				GCC_NO_COMMON_BLOCKS = YES;
				GCC_OPTIMIZATION_LEVEL = 0;
				GCC_PREPROCESSOR_DEFINITIONS = (
					"$(inherited)",
					"DEBUG=1",
				);
				GCC_WARN_64_TO_32_BIT_CONVERSION = YES;
				GCC_WARN_ABOUT_RETURN_TYPE = YES_ERROR;
				GCC_WARN_UNDECLARED_SELECTOR = YES;
				GCC_WARN_UNINITIALIZED_AUTOS = YES_AGGRESSIVE;
				GCC_WARN_UNUSED_FUNCTION = YES;
				GCC_WARN_UNUSED_VARIABLE = YES;
				INFOPLIST_FILE = Sources/FlexPort/Info.plist;
				IPHONEOS_DEPLOYMENT_TARGET = 15.0;
				MARKETING_VERSION = 1.0.0;
				MTL_ENABLE_DEBUG_INFO = INCLUDE_SOURCE;
				MTL_FAST_MATH = YES;
				ONLY_ACTIVE_ARCH = YES;
				PRODUCT_NAME = "$(TARGET_NAME)";
				SDKROOT = iphoneos;
				SWIFT_ACTIVE_COMPILATION_CONDITIONS = DEBUG;
				SWIFT_OPTIMIZATION_LEVEL = "-Onone";
				SWIFT_VERSION = 5.9;
				TARGETED_DEVICE_FAMILY = "1,2";
			};
			name = Debug;
		};
		6E667DE7A17E3E4BF785FDFC /* Release */ = {
			isa = XCBuildConfiguration;
			buildSettings = {
				ASSETCATALOG_COMPILER_APPICON_NAME = AppIcon;
				ASSETCATALOG_COMPILER_GLOBAL_ACCENT_COLOR_NAME = AccentColor;
				CODE_SIGN_IDENTITY = "iPhone Developer";
				DEVELOPMENT_TEAM = 4HSANV485G;
				ENABLE_STRICT_OBJC_MSGSEND = YES;
				ENABLE_TESTABILITY = YES;
				GCC_DYNAMIC_NO_PIC = NO;
				GCC_OPTIMIZATION_LEVEL = 0;
				GCC_PREPROCESSOR_DEFINITIONS = (
					"DEBUG=1",
					"$(inherited)",
				);
				LD_RUNPATH_SEARCH_PATHS = (
					"$(inherited)",
					"@executable_path/Frameworks",
				);
				MTL_ENABLE_DEBUG_INFO = INCLUDE_SOURCE;
				MTL_FAST_MATH = YES;
				ONLY_ACTIVE_ARCH = YES;
				PRODUCT_BUNDLE_IDENTIFIER = com.flexport.game;
				SDKROOT = iphoneos;
				SWIFT_ACTIVE_COMPILATION_CONDITIONS = DEBUG;
				SWIFT_COMPILATION_MODE = wholemodule;
				SWIFT_OPTIMIZATION_LEVEL = "-O";
				TARGETED_DEVICE_FAMILY = "1,2";
			};
			name = Release;
		};
		C90FD63B827F79321EFF56BD /* Release */ = {
			isa = XCBuildConfiguration;
			buildSettings = {
				ALWAYS_SEARCH_USER_PATHS = NO;
				CLANG_ANALYZER_NONNULL = YES;
				CLANG_ANALYZER_NUMBER_OBJECT_CONVERSION = YES_AGGRESSIVE;
				CLANG_CXX_LANGUAGE_STANDARD = "gnu++14";
				CLANG_CXX_LIBRARY = "libc++";
				CLANG_ENABLE_MODULES = YES;
				CLANG_ENABLE_OBJC_ARC = YES;
				CLANG_ENABLE_OBJC_WEAK = YES;
				CLANG_WARN_BLOCK_CAPTURE_AUTORELEASING = YES;
				CLANG_WARN_BOOL_CONVERSION = YES;
				CLANG_WARN_COMMA = YES;
				CLANG_WARN_CONSTANT_CONVERSION = YES;
				CLANG_WARN_DEPRECATED_OBJC_IMPLEMENTATIONS = YES;
				CLANG_WARN_DIRECT_OBJC_ISA_USAGE = YES_ERROR;
				CLANG_WARN_DOCUMENTATION_COMMENTS = YES;
				CLANG_WARN_EMPTY_BODY = YES;
				CLANG_WARN_ENUM_CONVERSION = YES;
				CLANG_WARN_INFINITE_RECURSION = YES;
				CLANG_WARN_INT_CONVERSION = YES;
				CLANG_WARN_NON_LITERAL_NULL_CONVERSION = YES;
				CLANG_WARN_OBJC_IMPLICIT_RETAIN_SELF = YES;
				CLANG_WARN_OBJC_LITERAL_CONVERSION = YES;
				CLANG_WARN_OBJC_ROOT_CLASS = YES_ERROR;
				CLANG_WARN_QUOTED_INCLUDE_IN_FRAMEWORK_HEADER = YES;
				CLANG_WARN_RANGE_LOOP_ANALYSIS = YES;
				CLANG_WARN_STRICT_PROTOTYPES = YES;
				CLANG_WARN_SUSPICIOUS_MOVE = YES;
				CLANG_WARN_UNGUARDED_AVAILABILITY = YES_AGGRESSIVE;
				CLANG_WARN_UNREACHABLE_CODE = YES;
				CLANG_WARN__DUPLICATE_METHOD_MATCH = YES;
				CODE_SIGN_STYLE = Automatic;
				COPY_PHASE_STRIP = NO;
				CURRENT_PROJECT_VERSION = 1;
				DEBUG_INFORMATION_FORMAT = "dwarf-with-dsym";
				ENABLE_NS_ASSERTIONS = NO;
				ENABLE_PREVIEWS = YES;
				ENABLE_STRICT_OBJC_MSGSEND = YES;
				GCC_C_LANGUAGE_STANDARD = gnu11;
				GCC_NO_COMMON_BLOCKS = YES;
				GCC_WARN_64_TO_32_BIT_CONVERSION = YES;
				GCC_WARN_ABOUT_RETURN_TYPE = YES_ERROR;
				GCC_WARN_UNDECLARED_SELECTOR = YES;
				GCC_WARN_UNINITIALIZED_AUTOS = YES_AGGRESSIVE;
				GCC_WARN_UNUSED_FUNCTION = YES;
				GCC_WARN_UNUSED_VARIABLE = YES;
				INFOPLIST_FILE = Sources/FlexPort/Info.plist;
				IPHONEOS_DEPLOYMENT_TARGET = 15.0;
				MARKETING_VERSION = 1.0.0;
				MTL_ENABLE_DEBUG_INFO = NO;
				MTL_FAST_MATH = YES;
				PRODUCT_NAME = "$(TARGET_NAME)";
				SDKROOT = iphoneos;
				SWIFT_COMPILATION_MODE = wholemodule;
				SWIFT_OPTIMIZATION_LEVEL = "-O";
				SWIFT_VERSION = 5.9;
				TARGETED_DEVICE_FAMILY = "1,2";
			};
			name = Release;
		};
/* End XCBuildConfiguration section */

/* Begin XCConfigurationList section */
		0C730AFF41B29C7EDB5D4F7F /* Build configuration list for PBXProject "FlexPort" */ = {
			isa = XCConfigurationList;
			buildConfigurations = (
				3DE598287C8B3231B5A18D35 /* Debug */,
				C90FD63B827F79321EFF56BD /* Release */,
			);
			defaultConfigurationIsVisible = 0;
			defaultConfigurationName = Debug;
		};
		C7F2AB74E24CFDD140468A1F /* Build configuration list for PBXNativeTarget "FlexPort" */ = {
			isa = XCConfigurationList;
			buildConfigurations = (
				1E0792DA9761B1DF794ECD5F /* Debug */,
				6E667DE7A17E3E4BF785FDFC /* Release */,
			);
			defaultConfigurationIsVisible = 0;
			defaultConfigurationName = Debug;
		};
/* End XCConfigurationList section */
	};
	rootObject = BADE1B3988F87F39CC26C873 /* Project object */;
}
